
Microsoft Visual Studio Solution File, Format Version 12.00
# Visual Studio 2012
Project("{FAE04EC0-301F-11D3-BF4B-00C04F79EFBC}") = "Bomberman.Server.Console", "Bomberman.Server.Console\Bomberman.Server.Console.csproj", "{7F14696F-3720-4263-B198-C035B77FB2AA}"
EndProject
Project("{FAE04EC0-301F-11D3-BF4B-00C04F79EFBC}") = "Bomberman.Client.Console", "Bomberman.Client.Console\Bomberman.Client.Console.csproj", "{813F3154-E517-4F9F-8681-9196904D0B53}"
EndProject
Project("{FAE04EC0-301F-11D3-BF4B-00C04F79EFBC}") = "Bomberman.Common", "Bomberman.Common\Bomberman.Common.csproj", "{8EF92BDE-86B7-4398-9C36-484A4E1B0A87}"
EndProject
Project("{2150E333-8FDC-42A3-9474-1A3956D46DE8}") = "Doc", "Doc", "{A1A05872-A149-40B0-ABB0-ADE27263B720}"
	ProjectSection(SolutionItems) = preProject
		TODO.txt = TODO.txt
	EndProjectSection
EndProject
Global
	GlobalSection(SolutionConfigurationPlatforms) = preSolution
		Debug|Any CPU = Debug|Any CPU
		Release|Any CPU = Release|Any CPU
	EndGlobalSection
	GlobalSection(ProjectConfigurationPlatforms) = postSolution
		{7F14696F-3720-4263-B198-C035B77FB2AA}.Debug|Any CPU.ActiveCfg = Debug|Any CPU
		{7F14696F-3720-4263-B198-C035B77FB2AA}.Debug|Any CPU.Build.0 = Debug|Any CPU
		{7F14696F-3720-4263-B198-C035B77FB2AA}.Release|Any CPU.ActiveCfg = Release|Any CPU
		{7F14696F-3720-4263-B198-C035B77FB2AA}.Release|Any CPU.Build.0 = Release|Any CPU
		{813F3154-E517-4F9F-8681-9196904D0B53}.Debug|Any CPU.ActiveCfg = Debug|Any CPU
		{813F3154-E517-4F9F-8681-9196904D0B53}.Debug|Any CPU.Build.0 = Debug|Any CPU
		{813F3154-E517-4F9F-8681-9196904D0B53}.Release|Any CPU.ActiveCfg = Release|Any CPU
		{813F3154-E517-4F9F-8681-9196904D0B53}.Release|Any CPU.Build.0 = Release|Any CPU
		{8EF92BDE-86B7-4398-9C36-484A4E1B0A87}.Debug|Any CPU.ActiveCfg = Debug|Any CPU
		{8EF92BDE-86B7-4398-9C36-484A4E1B0A87}.Debug|Any CPU.Build.0 = Debug|Any CPU
		{8EF92BDE-86B7-4398-9C36-484A4E1B0A87}.Release|Any CPU.ActiveCfg = Release|Any CPU
		{8EF92BDE-86B7-4398-9C36-484A4E1B0A87}.Release|Any CPU.Build.0 = Release|Any CPU
	EndGlobalSection
	GlobalSection(SolutionProperties) = preSolution
		HideSolutionNode = FALSE
	EndGlobalSection
EndGlobal
