
Microsoft Visual Studio Solution File, Format Version 12.00
# Visual Studio 2012
Project("{FAE04EC0-301F-11D3-BF4B-00C04F79EFBC}") = "Bomberman.Server.Console", "Bomberman.Server.Console\Bomberman.Server.Console.csproj", "{7F14696F-3720-4263-B198-C035B77FB2AA}"
EndProject
Project("{FAE04EC0-301F-11D3-BF4B-00C04F79EFBC}") = "Bomberman.Client.Console", "Bomberman.Client.Console\Bomberman.Client.Console.csproj", "{813F3154-E517-4F9F-8681-9196904D0B53}"
EndProject
Project("{FAE04EC0-301F-11D3-BF4B-00C04F79EFBC}") = "Bomberman.Common", "Bomberman.Common\Bomberman.Common.csproj", "{8EF92BDE-86B7-4398-9C36-484A4E1B0A87}"
EndProject
Project("{2150E333-8FDC-42A3-9474-1A3956D46DE8}") = "0 - Doc", "0 - Doc", "{A1A05872-A149-40B0-ABB0-ADE27263B720}"
	ProjectSection(SolutionItems) = preProject
		Links.txt = Links.txt
		TODO.txt = TODO.txt
	EndProjectSection
EndProject
Project("{2150E333-8FDC-42A3-9474-1A3956D46DE8}") = "2 - Client", "2 - Client", "{8D6F977D-3EF4-45DE-AA93-5546AB9537BD}"
EndProject
Project("{2150E333-8FDC-42A3-9474-1A3956D46DE8}") = "Librairies", "Librairies", "{D2A96E40-34A1-4E50-B4AC-28D2EEC96E49}"
EndProject
Project("{2150E333-8FDC-42A3-9474-1A3956D46DE8}") = "App", "App", "{4FF53C37-B192-4969-B314-A0C7DE06E1B1}"
EndProject
Project("{FAE04EC0-301F-11D3-BF4B-00C04F79EFBC}") = "Bomberman.Client.Interfaces", "Bomberman.Client.Interfaces\Bomberman.Client.Interfaces.csproj", "{AB2CCCA6-A8A8-4C9D-A949-18B11C2EB2AD}"
EndProject
Project("{2150E333-8FDC-42A3-9474-1A3956D46DE8}") = "1 - Common", "1 - Common", "{EC654FB4-15ED-4C81-AC0B-B59501F379AC}"
EndProject
Project("{FAE04EC0-301F-11D3-BF4B-00C04F79EFBC}") = "Bomberman.Client", "Bomberman.Client\Bomberman.Client.csproj", "{A1E10B19-B887-4F08-AE25-CC0DFA6E7185}"
EndProject
Project("{2150E333-8FDC-42A3-9474-1A3956D46DE8}") = "3 - Server", "3 - Server", "{C34EC256-BF49-4FD0-8C81-194EE3FBF9CE}"
EndProject
Project("{FAE04EC0-301F-11D3-BF4B-00C04F79EFBC}") = "Bomberman.Client.WCFProxy", "Bomberman.Client.WCFProxy\Bomberman.Client.WCFProxy.csproj", "{CCE99BFC-529A-471E-A6F7-14FDD6363F34}"
EndProject
Project("{2150E333-8FDC-42A3-9474-1A3956D46DE8}") = "App", "App", "{AA6B7E9B-08B7-44C6-9D71-A58BF15E1ABB}"
EndProject
Project("{2150E333-8FDC-42A3-9474-1A3956D46DE8}") = "Librairies", "Librairies", "{F844B716-3001-487C-A888-2E93541E2AE6}"
EndProject
Project("{FAE04EC0-301F-11D3-BF4B-00C04F79EFBC}") = "Bomberman.Server.Interfaces", "Bomberman.Server.Interfaces\Bomberman.Server.Interfaces.csproj", "{7C023793-113B-49A5-A517-5A6B56D5FDA5}"
EndProject
Project("{FAE04EC0-301F-11D3-BF4B-00C04F79EFBC}") = "Bomberman.Server.WCFHost", "Bomberman.Server.WCFHost\Bomberman.Server.WCFHost.csproj", "{EAF2028E-3A42-479F-BBDF-D7AF319CE676}"
EndProject
Project("{FAE04EC0-301F-11D3-BF4B-00C04F79EFBC}") = "Bomberman.Server.PlayerManager", "Bomberman.Server.PlayerManager\Bomberman.Server.PlayerManager.csproj", "{E3517B84-BF1A-469C-80E5-8A8B6C11946C}"
EndProject
Project("{FAE04EC0-301F-11D3-BF4B-00C04F79EFBC}") = "Bomberman.Server.Entities", "Bomberman.Server.Entities\Bomberman.Server.Entities.csproj", "{77A07F55-C731-413C-81AD-B0C54C66E620}"
EndProject
Project("{FAE04EC0-301F-11D3-BF4B-00C04F79EFBC}") = "Bomberman.Server.MapManager", "Bomberman.Server.MapManager\Bomberman.Server.MapManager.csproj", "{E3FE416D-13CB-4722-9115-20BC052C8468}"
EndProject
Project("{FAE04EC0-301F-11D3-BF4B-00C04F79EFBC}") = "Bomberman.Server", "Bomberman.Server\Bomberman.Server.csproj", "{7A204180-2CD4-42C4-ACAC-0018E2B771DF}"
EndProject
Project("{FAE04EC0-301F-11D3-BF4B-00C04F79EFBC}") = "Bomberman.Client.WPF", "Bomberman.Client.WPF\Bomberman.Client.WPF.csproj", "{62C09E68-353A-4FF5-8DBB-5FABD9767552}"
EndProject
Global
	GlobalSection(SolutionConfigurationPlatforms) = preSolution
		Debug|Any CPU = Debug|Any CPU
		Release|Any CPU = Release|Any CPU
	EndGlobalSection
	GlobalSection(ProjectConfigurationPlatforms) = postSolution
		{7F14696F-3720-4263-B198-C035B77FB2AA}.Debug|Any CPU.ActiveCfg = Debug|Any CPU
		{7F14696F-3720-4263-B198-C035B77FB2AA}.Debug|Any CPU.Build.0 = Debug|Any CPU
		{7F14696F-3720-4263-B198-C035B77FB2AA}.Release|Any CPU.ActiveCfg = Release|Any CPU
		{7F14696F-3720-4263-B198-C035B77FB2AA}.Release|Any CPU.Build.0 = Release|Any CPU
		{813F3154-E517-4F9F-8681-9196904D0B53}.Debug|Any CPU.ActiveCfg = Debug|Any CPU
		{813F3154-E517-4F9F-8681-9196904D0B53}.Debug|Any CPU.Build.0 = Debug|Any CPU
		{813F3154-E517-4F9F-8681-9196904D0B53}.Release|Any CPU.ActiveCfg = Release|Any CPU
		{813F3154-E517-4F9F-8681-9196904D0B53}.Release|Any CPU.Build.0 = Release|Any CPU
		{8EF92BDE-86B7-4398-9C36-484A4E1B0A87}.Debug|Any CPU.ActiveCfg = Debug|Any CPU
		{8EF92BDE-86B7-4398-9C36-484A4E1B0A87}.Debug|Any CPU.Build.0 = Debug|Any CPU
		{8EF92BDE-86B7-4398-9C36-484A4E1B0A87}.Release|Any CPU.ActiveCfg = Release|Any CPU
		{8EF92BDE-86B7-4398-9C36-484A4E1B0A87}.Release|Any CPU.Build.0 = Release|Any CPU
		{AB2CCCA6-A8A8-4C9D-A949-18B11C2EB2AD}.Debug|Any CPU.ActiveCfg = Debug|Any CPU
		{AB2CCCA6-A8A8-4C9D-A949-18B11C2EB2AD}.Debug|Any CPU.Build.0 = Debug|Any CPU
		{AB2CCCA6-A8A8-4C9D-A949-18B11C2EB2AD}.Release|Any CPU.ActiveCfg = Release|Any CPU
		{AB2CCCA6-A8A8-4C9D-A949-18B11C2EB2AD}.Release|Any CPU.Build.0 = Release|Any CPU
		{A1E10B19-B887-4F08-AE25-CC0DFA6E7185}.Debug|Any CPU.ActiveCfg = Debug|Any CPU
		{A1E10B19-B887-4F08-AE25-CC0DFA6E7185}.Debug|Any CPU.Build.0 = Debug|Any CPU
		{A1E10B19-B887-4F08-AE25-CC0DFA6E7185}.Release|Any CPU.ActiveCfg = Release|Any CPU
		{A1E10B19-B887-4F08-AE25-CC0DFA6E7185}.Release|Any CPU.Build.0 = Release|Any CPU
		{CCE99BFC-529A-471E-A6F7-14FDD6363F34}.Debug|Any CPU.ActiveCfg = Debug|Any CPU
		{CCE99BFC-529A-471E-A6F7-14FDD6363F34}.Debug|Any CPU.Build.0 = Debug|Any CPU
		{CCE99BFC-529A-471E-A6F7-14FDD6363F34}.Release|Any CPU.ActiveCfg = Release|Any CPU
		{CCE99BFC-529A-471E-A6F7-14FDD6363F34}.Release|Any CPU.Build.0 = Release|Any CPU
		{7C023793-113B-49A5-A517-5A6B56D5FDA5}.Debug|Any CPU.ActiveCfg = Debug|Any CPU
		{7C023793-113B-49A5-A517-5A6B56D5FDA5}.Debug|Any CPU.Build.0 = Debug|Any CPU
		{7C023793-113B-49A5-A517-5A6B56D5FDA5}.Release|Any CPU.ActiveCfg = Release|Any CPU
		{7C023793-113B-49A5-A517-5A6B56D5FDA5}.Release|Any CPU.Build.0 = Release|Any CPU
		{EAF2028E-3A42-479F-BBDF-D7AF319CE676}.Debug|Any CPU.ActiveCfg = Debug|Any CPU
		{EAF2028E-3A42-479F-BBDF-D7AF319CE676}.Debug|Any CPU.Build.0 = Debug|Any CPU
		{EAF2028E-3A42-479F-BBDF-D7AF319CE676}.Release|Any CPU.ActiveCfg = Release|Any CPU
		{EAF2028E-3A42-479F-BBDF-D7AF319CE676}.Release|Any CPU.Build.0 = Release|Any CPU
		{E3517B84-BF1A-469C-80E5-8A8B6C11946C}.Debug|Any CPU.ActiveCfg = Debug|Any CPU
		{E3517B84-BF1A-469C-80E5-8A8B6C11946C}.Debug|Any CPU.Build.0 = Debug|Any CPU
		{E3517B84-BF1A-469C-80E5-8A8B6C11946C}.Release|Any CPU.ActiveCfg = Release|Any CPU
		{E3517B84-BF1A-469C-80E5-8A8B6C11946C}.Release|Any CPU.Build.0 = Release|Any CPU
		{77A07F55-C731-413C-81AD-B0C54C66E620}.Debug|Any CPU.ActiveCfg = Debug|Any CPU
		{77A07F55-C731-413C-81AD-B0C54C66E620}.Debug|Any CPU.Build.0 = Debug|Any CPU
		{77A07F55-C731-413C-81AD-B0C54C66E620}.Release|Any CPU.ActiveCfg = Release|Any CPU
		{77A07F55-C731-413C-81AD-B0C54C66E620}.Release|Any CPU.Build.0 = Release|Any CPU
		{E3FE416D-13CB-4722-9115-20BC052C8468}.Debug|Any CPU.ActiveCfg = Debug|Any CPU
		{E3FE416D-13CB-4722-9115-20BC052C8468}.Debug|Any CPU.Build.0 = Debug|Any CPU
		{E3FE416D-13CB-4722-9115-20BC052C8468}.Release|Any CPU.ActiveCfg = Release|Any CPU
		{E3FE416D-13CB-4722-9115-20BC052C8468}.Release|Any CPU.Build.0 = Release|Any CPU
		{7A204180-2CD4-42C4-ACAC-0018E2B771DF}.Debug|Any CPU.ActiveCfg = Debug|Any CPU
		{7A204180-2CD4-42C4-ACAC-0018E2B771DF}.Debug|Any CPU.Build.0 = Debug|Any CPU
		{7A204180-2CD4-42C4-ACAC-0018E2B771DF}.Release|Any CPU.ActiveCfg = Release|Any CPU
		{7A204180-2CD4-42C4-ACAC-0018E2B771DF}.Release|Any CPU.Build.0 = Release|Any CPU
		{62C09E68-353A-4FF5-8DBB-5FABD9767552}.Debug|Any CPU.ActiveCfg = Debug|Any CPU
		{62C09E68-353A-4FF5-8DBB-5FABD9767552}.Debug|Any CPU.Build.0 = Debug|Any CPU
		{62C09E68-353A-4FF5-8DBB-5FABD9767552}.Release|Any CPU.ActiveCfg = Release|Any CPU
		{62C09E68-353A-4FF5-8DBB-5FABD9767552}.Release|Any CPU.Build.0 = Release|Any CPU
	EndGlobalSection
	GlobalSection(SolutionProperties) = preSolution
		HideSolutionNode = FALSE
	EndGlobalSection
	GlobalSection(NestedProjects) = preSolution
		{AA6B7E9B-08B7-44C6-9D71-A58BF15E1ABB} = {C34EC256-BF49-4FD0-8C81-194EE3FBF9CE}
		{F844B716-3001-487C-A888-2E93541E2AE6} = {C34EC256-BF49-4FD0-8C81-194EE3FBF9CE}
		{4FF53C37-B192-4969-B314-A0C7DE06E1B1} = {8D6F977D-3EF4-45DE-AA93-5546AB9537BD}
		{D2A96E40-34A1-4E50-B4AC-28D2EEC96E49} = {8D6F977D-3EF4-45DE-AA93-5546AB9537BD}
		{8EF92BDE-86B7-4398-9C36-484A4E1B0A87} = {EC654FB4-15ED-4C81-AC0B-B59501F379AC}
		{813F3154-E517-4F9F-8681-9196904D0B53} = {4FF53C37-B192-4969-B314-A0C7DE06E1B1}
		{62C09E68-353A-4FF5-8DBB-5FABD9767552} = {4FF53C37-B192-4969-B314-A0C7DE06E1B1}
		{AB2CCCA6-A8A8-4C9D-A949-18B11C2EB2AD} = {D2A96E40-34A1-4E50-B4AC-28D2EEC96E49}
		{A1E10B19-B887-4F08-AE25-CC0DFA6E7185} = {D2A96E40-34A1-4E50-B4AC-28D2EEC96E49}
		{CCE99BFC-529A-471E-A6F7-14FDD6363F34} = {D2A96E40-34A1-4E50-B4AC-28D2EEC96E49}
		{7F14696F-3720-4263-B198-C035B77FB2AA} = {AA6B7E9B-08B7-44C6-9D71-A58BF15E1ABB}
		{7C023793-113B-49A5-A517-5A6B56D5FDA5} = {F844B716-3001-487C-A888-2E93541E2AE6}
		{EAF2028E-3A42-479F-BBDF-D7AF319CE676} = {F844B716-3001-487C-A888-2E93541E2AE6}
		{E3517B84-BF1A-469C-80E5-8A8B6C11946C} = {F844B716-3001-487C-A888-2E93541E2AE6}
		{77A07F55-C731-413C-81AD-B0C54C66E620} = {F844B716-3001-487C-A888-2E93541E2AE6}
		{E3FE416D-13CB-4722-9115-20BC052C8468} = {F844B716-3001-487C-A888-2E93541E2AE6}
		{7A204180-2CD4-42C4-ACAC-0018E2B771DF} = {F844B716-3001-487C-A888-2E93541E2AE6}
	EndGlobalSection
EndGlobal
